
Microsoft Visual Studio Solution File, Format Version 11.00
# Visual Studio 2010
Project("{8BC9CEB8-8B4A-11D0-8D11-00A0C91BC942}") = "Aruco.Net", "Aruco.Net\Aruco.Net.vcxproj", "{B811E867-F475-4EB1-AAC0-AF09DDBD7CB1}"
EndProject
Global
	GlobalSection(SolutionConfigurationPlatforms) = preSolution
		Debug|Win32 = Debug|Win32
		Release|Win32 = Release|Win32
	EndGlobalSection
	GlobalSection(ProjectConfigurationPlatforms) = postSolution
		{B811E867-F475-4EB1-AAC0-AF09DDBD7CB1}.Debug|Win32.ActiveCfg = Debug|Win32
		{B811E867-F475-4EB1-AAC0-AF09DDBD7CB1}.Debug|Win32.Build.0 = Debug|Win32
		{B811E867-F475-4EB1-AAC0-AF09DDBD7CB1}.Release|Win32.ActiveCfg = Release|Win32
		{B811E867-F475-4EB1-AAC0-AF09DDBD7CB1}.Release|Win32.Build.0 = Release|Win32
	EndGlobalSection
	GlobalSection(SolutionProperties) = preSolution
		HideSolutionNode = FALSE
	EndGlobalSection
EndGlobal
